
Microsoft Visual Studio Solution File, Format Version 12.00
# Visual Studio Version 17
VisualStudioVersion = 17.6.33829.357
MinimumVisualStudioVersion = 10.0.40219.1
Project("{FAE04EC0-301F-11D3-BF4B-00C04F79EFBC}") = "HW10-2", "HW10-2\HW10-2.csproj", "{D1D1B0EC-7752-4603-AB41-4F4E57FB4F12}"
EndProject
Global
	GlobalSection(SolutionConfigurationPlatforms) = preSolution
		Debug|Any CPU = Debug|Any CPU
		Release|Any CPU = Release|Any CPU
	EndGlobalSection
	GlobalSection(ProjectConfigurationPlatforms) = postSolution
		{D1D1B0EC-7752-4603-AB41-4F4E57FB4F12}.Debug|Any CPU.ActiveCfg = Debug|Any CPU
		{D1D1B0EC-7752-4603-AB41-4F4E57FB4F12}.Debug|Any CPU.Build.0 = Debug|Any CPU
		{D1D1B0EC-7752-4603-AB41-4F4E57FB4F12}.Release|Any CPU.ActiveCfg = Release|Any CPU
		{D1D1B0EC-7752-4603-AB41-4F4E57FB4F12}.Release|Any CPU.Build.0 = Release|Any CPU
	EndGlobalSection
	GlobalSection(SolutionProperties) = preSolution
		HideSolutionNode = FALSE
	EndGlobalSection
	GlobalSection(ExtensibilityGlobals) = postSolution
		SolutionGuid = {EA9DF8BF-1934-403E-ABF3-7B0F3B165E46}
	EndGlobalSection
EndGlobal
